{
  "name": "FrontEnd",
  "lockfileVersion": 3,
  "requires": true,
  "packages": {
    "": {
      "dependencies": {
        "validater": "^1.0.5"
      }
    },
    "node_modules/validater": {
      "version": "1.0.5",
      "resolved": "https://registry.npmjs.org/validater/-/validater-1.0.5.tgz",
      "integrity": "sha512-jlDa0M0xWNgB37RaT4CIj0D7Rzo4FMNFbAi0NAvethZ3pRfo4ALNpu2di/7/iVee+K5IPdaOxjSyYRi4YK7LCA==",
      "license": "ISC"
    }
  }
}
